[renv]
Version=0.3.0-35

[R]
Version=3.5.3
Repositories=
	CRAN=https://cloud.r-project.org/

[R/Package/BH]
Package=BH
Version=1.69.0-1
Source=CRAN
Hash=c21ff57827acd7a1e150943fa1264677

[R/Package/R6]
Package=R6
Version=2.4.0
Source=CRAN
Hash=f542e196103d43e270c2f12769143a4c

[R/Package/RColorBrewer]
Package=RColorBrewer
Version=1.1-2
Source=CRAN
Hash=e12d9efbd8540624beb948405e496adf

[R/Package/Rcpp]
Package=Rcpp
Version=1.0.1
Source=CRAN
Hash=afc83bf2a529ebac3a0ac6434772b1c7

[R/Package/backports]
Package=backports
Version=1.1.4
Source=CRAN
Hash=41bcc4f617da2138bedeab2949b22319

[R/Package/base64enc]
Package=base64enc
Version=0.1-3
Source=CRAN
Hash=9e74499ff4cb4233042ed2d5c662423e

[R/Package/digest]
Package=digest
Version=0.6.18
Source=CRAN
Hash=3a0646cd1e9116f7bf03ca88e1e562f8

[R/Package/evaluate]
Package=evaluate
Version=0.13
Source=CRAN
Hash=687849698546dfab747033af2825b33b

[R/Package/fs]
Package=fs
Version=1.2.7
Source=CRAN
Hash=ed5748fb017dc518db34c3273d16d228

[R/Package/glue]
Package=glue
Version=1.3.1
Source=CRAN
Hash=9611ef23b274cfa43c85839a183948dc

[R/Package/here]
Package=here
Version=0.1
Source=CRAN
Hash=5d67f55e2ae77d2fe6b0cd4a29c02eac

[R/Package/highr]
Package=highr
Version=0.8
Source=CRAN
Hash=b065e59a9c15cb94d07d1390f7e0e81c

[R/Package/htmltools]
Package=htmltools
Version=0.3.6
Source=CRAN
Hash=b51a95de8992a1ffae14c4152b66f56e

[R/Package/httpuv]
Package=httpuv
Version=1.5.1
Source=CRAN
Hash=172a8ab0ae3be5a209f4abcc57ffa91b

[R/Package/icon]
Package=icon
Version=0.1.0
Source=GitHub
RemoteType=github
RemoteUsername=ropenscilabs
RemoteRepo=icon
RemoteRef=master
RemoteSha=a510f88a8741a41e8966ac044ecd2924528ecb3b
RemoteHost=api.github.com
Hash=660802a0371d2a70bd3b8ad2a659f889

[R/Package/jsonlite]
Package=jsonlite
Version=1.6
Source=CRAN
Hash=9098f8f59907a1180f3a2ff469cd67f2

[R/Package/knitr]
Package=knitr
Version=1.22
Source=CRAN
Hash=41125d14dfd9905ca251e1362608d3b0

[R/Package/later]
Package=later
Version=0.8.0
Source=CRAN
Hash=f903869140080b78237cac16e3bcf869

[R/Package/magrittr]
Package=magrittr
Version=1.5
Source=CRAN
Hash=1063976a6affe09eb75fc2927b8d4d9d

[R/Package/markdown]
Package=markdown
Version=0.9
Source=CRAN
Hash=e7eb392ca6f903c18fa50e1fc88d617a

[R/Package/mime]
Package=mime
Version=0.6
Source=CRAN
Hash=976803fdcdc85d33c36218b44156e1c1

[R/Package/promises]
Package=promises
Version=1.0.1
Source=CRAN
Hash=7288c7de35370404d6c2bcfabac48c3c

[R/Package/rlang]
Package=rlang
Version=0.3.4
Source=CRAN
Hash=11a12baf65c41f898629886455ddebd0

[R/Package/rmarkdown]
Package=rmarkdown
Version=1.12
Source=CRAN
Hash=2e25b932033badfa171a1c6a3de49ef2

[R/Package/rprojroot]
Package=rprojroot
Version=1.3-2
Source=CRAN
Hash=092eddde56138c08aef77d950350f6e6

[R/Package/rstudioapi]
Package=rstudioapi
Version=0.10
Source=CRAN
Hash=7017924bdb0eb5bc313f4dae2352e65a

[R/Package/servr]
Package=servr
Version=0.13
Source=CRAN
Hash=ae3676395f0f2b612e9c23185bb44fc7

[R/Package/stringi]
Package=stringi
Version=1.4.3
Source=CRAN
Hash=173c63cf8b9f876dba8b2984ce7a65d7

[R/Package/stringr]
Package=stringr
Version=1.4.0
Source=CRAN
Hash=813b06afd70ca31c1071395d49346b89

[R/Package/tinytex]
Package=tinytex
Version=0.12
Source=CRAN
Hash=304ad8e06578fdb1f3214c5acd599796

[R/Package/withr]
Package=withr
Version=2.1.2
Source=CRAN
Hash=6ae393ed66a7e7a71fccd5ca0dc8b698

[R/Package/wordcloud]
Package=wordcloud
Version=2.6
Source=CRAN
Hash=44c08839d51feed68b65a7b7c8e34713

[R/Package/xaringan]
Package=xaringan
Version=0.9
Source=CRAN
Hash=3301dce5216d26026016fbb999975223

[R/Package/xfun]
Package=xfun
Version=0.6
Source=CRAN
Hash=f17f03efce059c8d17afa3b6787cffa5

[R/Package/yaml]
Package=yaml
Version=2.2.0
Source=CRAN
Hash=9db4f908886820b37f76b5ecc52c76e6

